# THIS IS AN AUTOGENERATED FILE. DO NOT EDIT THIS FILE DIRECTLY.
# yarn lockfile v1


"@aashutoshrathi/word-wrap@^1.2.3":
  version "1.2.6"
  resolved "https://registry.npmjs.org/@aashutoshrathi/word-wrap/-/word-wrap-1.2.6.tgz"

"@companion-module/base@^1.11.3":
  version "1.11.3"
  resolved "https://registry.npmjs.org/@companion-module/base/-/base-1.11.3.tgz"
  dependencies:
    ajv "^8.17.1"
    colord "^2.9.3"
    ejson "^2.2.3"
    eventemitter3 "^5.0.1"
    mimic-fn "^3.1.0"
    nanoid "^3.3.8"
    p-queue "^6.6.2"
    p-timeout "^4.1.0"
    tslib "^2.8.1"

"@companion-module/tools@^2.1.1":
  version "2.1.1"
  resolved "https://registry.npmjs.org/@companion-module/tools/-/tools-2.1.1.tgz"
  dependencies:
    "@eslint/js" "^9.17.0"
    eslint-config-prettier "^9.1.0"
    eslint-plugin-n "^17.15.0"
    eslint-plugin-prettier "^5.2.1"
    find-up "^7.0.0"
    parse-author "^2.0.0"
    tar "^7.4.3"
    webpack "^5.97.1"
    webpack-cli "^5.1.4"
    zx "^8.2.4"

"@discoveryjs/json-ext@^0.5.0":
  version "0.5.7"
  resolved "https://registry.npmjs.org/@discoveryjs/json-ext/-/json-ext-0.5.7.tgz"

"@eslint-community/eslint-utils@^4.1.2", "@eslint-community/eslint-utils@^4.2.0", "@eslint-community/eslint-utils@^4.4.1":
  version "4.4.1"
  resolved "https://registry.npmjs.org/@eslint-community/eslint-utils/-/eslint-utils-4.4.1.tgz"
  dependencies:
    eslint-visitor-keys "^3.4.3"

"@eslint-community/regexpp@^4.11.0", "@eslint-community/regexpp@^4.12.1":
  version "4.12.1"
  resolved "https://registry.npmjs.org/@eslint-community/regexpp/-/regexpp-4.12.1.tgz"

"@eslint/config-array@^0.19.0":
  version "0.19.1"
  resolved "https://registry.npmjs.org/@eslint/config-array/-/config-array-0.19.1.tgz"
  dependencies:
    "@eslint/object-schema" "^2.1.5"
    debug "^4.3.1"
    minimatch "^3.1.2"

"@eslint/core@^0.10.0":
  version "0.10.0"
  resolved "https://registry.npmjs.org/@eslint/core/-/core-0.10.0.tgz"
  dependencies:
    "@types/json-schema" "^7.0.15"

"@eslint/eslintrc@^3.2.0":
  version "3.2.0"
  resolved "https://registry.npmjs.org/@eslint/eslintrc/-/eslintrc-3.2.0.tgz"
  dependencies:
    ajv "^6.12.4"
    debug "^4.3.2"
    espree "^10.0.1"
    globals "^14.0.0"
    ignore "^5.2.0"
    import-fresh "^3.2.1"
    js-yaml "^4.1.0"
    minimatch "^3.1.2"
    strip-json-comments "^3.1.1"

"@eslint/js@9.18.0", "@eslint/js@^9.17.0":
  version "9.18.0"
  resolved "https://registry.npmjs.org/@eslint/js/-/js-9.18.0.tgz"

"@eslint/object-schema@^2.1.5":
  version "2.1.5"
  resolved "https://registry.npmjs.org/@eslint/object-schema/-/object-schema-2.1.5.tgz"

"@eslint/plugin-kit@^0.2.5":
  version "0.2.5"
  resolved "https://registry.npmjs.org/@eslint/plugin-kit/-/plugin-kit-0.2.5.tgz"
  dependencies:
    "@eslint/core" "^0.10.0"
    levn "^0.4.1"

"@humanfs/core@^0.19.1":
  version "0.19.1"
  resolved "https://registry.npmjs.org/@humanfs/core/-/core-0.19.1.tgz"

"@humanfs/node@^0.16.6":
  version "0.16.6"
  resolved "https://registry.npmjs.org/@humanfs/node/-/node-0.16.6.tgz"
  dependencies:
    "@humanfs/core" "^0.19.1"
    "@humanwhocodes/retry" "^0.3.0"

"@humanwhocodes/module-importer@^1.0.1":
  version "1.0.1"
  resolved "https://registry.npmjs.org/@humanwhocodes/module-importer/-/module-importer-1.0.1.tgz"

"@humanwhocodes/retry@^0.3.0":
  version "0.3.1"
  resolved "https://registry.npmjs.org/@humanwhocodes/retry/-/retry-0.3.1.tgz"

"@humanwhocodes/retry@^0.4.1":
  version "0.4.1"
  resolved "https://registry.npmjs.org/@humanwhocodes/retry/-/retry-0.4.1.tgz"

"@isaacs/fs-minipass@^4.0.0":
  version "4.0.1"
  resolved "https://registry.npmjs.org/@isaacs/fs-minipass/-/fs-minipass-4.0.1.tgz"
  dependencies:
    minipass "^7.0.4"

"@jridgewell/gen-mapping@^0.3.5":
  version "0.3.8"
  resolved "https://registry.npmjs.org/@jridgewell/gen-mapping/-/gen-mapping-0.3.8.tgz"
  dependencies:
    "@jridgewell/set-array" "^1.2.1"
    "@jridgewell/sourcemap-codec" "^1.4.10"
    "@jridgewell/trace-mapping" "^0.3.24"

"@jridgewell/resolve-uri@^3.1.0":
  version "3.1.2"
  resolved "https://registry.npmjs.org/@jridgewell/resolve-uri/-/resolve-uri-3.1.2.tgz"

"@jridgewell/set-array@^1.2.1":
  version "1.2.1"
  resolved "https://registry.npmjs.org/@jridgewell/set-array/-/set-array-1.2.1.tgz"

"@jridgewell/source-map@^0.3.3":
  version "0.3.6"
  resolved "https://registry.npmjs.org/@jridgewell/source-map/-/source-map-0.3.6.tgz"
  dependencies:
    "@jridgewell/gen-mapping" "^0.3.5"
    "@jridgewell/trace-mapping" "^0.3.25"

"@jridgewell/sourcemap-codec@^1.4.10", "@jridgewell/sourcemap-codec@^1.4.14":
  version "1.5.0"
  resolved "https://registry.npmjs.org/@jridgewell/sourcemap-codec/-/sourcemap-codec-1.5.0.tgz"

"@jridgewell/trace-mapping@^0.3.24", "@jridgewell/trace-mapping@^0.3.25":
  version "0.3.25"
  resolved "https://registry.npmjs.org/@jridgewell/trace-mapping/-/trace-mapping-0.3.25.tgz"
  dependencies:
    "@jridgewell/resolve-uri" "^3.1.0"
    "@jridgewell/sourcemap-codec" "^1.4.14"

"@pkgr/core@^0.1.0":
  version "0.1.1"
  resolved "https://registry.npmjs.org/@pkgr/core/-/core-0.1.1.tgz"

"@types/eslint-scope@^3.7.7":
  version "3.7.7"
  resolved "https://registry.yarnpkg.com/@types/eslint-scope/-/eslint-scope-3.7.7.tgz#3108bd5f18b0cdb277c867b3dd449c9ed7079ac5"
  dependencies:
    "@types/eslint" "*"
    "@types/estree" "*"

"@types/eslint@*":
  version "9.6.1"
  resolved "https://registry.yarnpkg.com/@types/eslint/-/eslint-9.6.1.tgz#d5795ad732ce81715f27f75da913004a56751584"
  dependencies:
    "@types/estree" "*"
    "@types/json-schema" "*"

"@types/estree@*", "@types/estree@^1.0.6":
  version "1.0.6"
  resolved "https://registry.npmjs.org/@types/estree/-/estree-1.0.6.tgz"

"@types/json-schema@*", "@types/json-schema@^7.0.15", "@types/json-schema@^7.0.8", "@types/json-schema@^7.0.9":
  version "7.0.15"
  resolved "https://registry.npmjs.org/@types/json-schema/-/json-schema-7.0.15.tgz"

"@types/node@*":
  version "22.10.7"
  resolved "https://registry.npmjs.org/@types/node/-/node-22.10.7.tgz"
  dependencies:
    undici-types "~6.20.0"

"@webassemblyjs/ast@1.14.1", "@webassemblyjs/ast@^1.14.1":
  version "1.14.1"
  resolved "https://registry.npmjs.org/@webassemblyjs/ast/-/ast-1.14.1.tgz"
  dependencies:
    "@webassemblyjs/helper-numbers" "1.13.2"
    "@webassemblyjs/helper-wasm-bytecode" "1.13.2"

"@webassemblyjs/floating-point-hex-parser@1.13.2":
  version "1.13.2"
  resolved "https://registry.npmjs.org/@webassemblyjs/floating-point-hex-parser/-/floating-point-hex-parser-1.13.2.tgz"

"@webassemblyjs/helper-api-error@1.13.2":
  version "1.13.2"
  resolved "https://registry.npmjs.org/@webassemblyjs/helper-api-error/-/helper-api-error-1.13.2.tgz"

"@webassemblyjs/helper-buffer@1.14.1":
  version "1.14.1"
  resolved "https://registry.npmjs.org/@webassemblyjs/helper-buffer/-/helper-buffer-1.14.1.tgz"

"@webassemblyjs/helper-numbers@1.13.2":
  version "1.13.2"
  resolved "https://registry.npmjs.org/@webassemblyjs/helper-numbers/-/helper-numbers-1.13.2.tgz"
  dependencies:
    "@webassemblyjs/floating-point-hex-parser" "1.13.2"
    "@webassemblyjs/helper-api-error" "1.13.2"
    "@xtuc/long" "4.2.2"

"@webassemblyjs/helper-wasm-bytecode@1.13.2":
  version "1.13.2"
  resolved "https://registry.npmjs.org/@webassemblyjs/helper-wasm-bytecode/-/helper-wasm-bytecode-1.13.2.tgz"

"@webassemblyjs/helper-wasm-section@1.14.1":
  version "1.14.1"
  resolved "https://registry.npmjs.org/@webassemblyjs/helper-wasm-section/-/helper-wasm-section-1.14.1.tgz"
  dependencies:
    "@webassemblyjs/ast" "1.14.1"
    "@webassemblyjs/helper-buffer" "1.14.1"
    "@webassemblyjs/helper-wasm-bytecode" "1.13.2"
    "@webassemblyjs/wasm-gen" "1.14.1"

"@webassemblyjs/ieee754@1.13.2":
  version "1.13.2"
  resolved "https://registry.npmjs.org/@webassemblyjs/ieee754/-/ieee754-1.13.2.tgz"
  dependencies:
    "@xtuc/ieee754" "^1.2.0"

"@webassemblyjs/leb128@1.13.2":
  version "1.13.2"
  resolved "https://registry.npmjs.org/@webassemblyjs/leb128/-/leb128-1.13.2.tgz"
  dependencies:
    "@xtuc/long" "4.2.2"

"@webassemblyjs/utf8@1.13.2":
  version "1.13.2"
  resolved "https://registry.npmjs.org/@webassemblyjs/utf8/-/utf8-1.13.2.tgz"

"@webassemblyjs/wasm-edit@^1.14.1":
  version "1.14.1"
  resolved "https://registry.npmjs.org/@webassemblyjs/wasm-edit/-/wasm-edit-1.14.1.tgz"
  dependencies:
    "@webassemblyjs/ast" "1.14.1"
    "@webassemblyjs/helper-buffer" "1.14.1"
    "@webassemblyjs/helper-wasm-bytecode" "1.13.2"
    "@webassemblyjs/helper-wasm-section" "1.14.1"
    "@webassemblyjs/wasm-gen" "1.14.1"
    "@webassemblyjs/wasm-opt" "1.14.1"
    "@webassemblyjs/wasm-parser" "1.14.1"
    "@webassemblyjs/wast-printer" "1.14.1"

"@webassemblyjs/wasm-gen@1.14.1":
  version "1.14.1"
  resolved "https://registry.npmjs.org/@webassemblyjs/wasm-gen/-/wasm-gen-1.14.1.tgz"
  dependencies:
    "@webassemblyjs/ast" "1.14.1"
    "@webassemblyjs/helper-wasm-bytecode" "1.13.2"
    "@webassemblyjs/ieee754" "1.13.2"
    "@webassemblyjs/leb128" "1.13.2"
    "@webassemblyjs/utf8" "1.13.2"

"@webassemblyjs/wasm-opt@1.14.1":
  version "1.14.1"
  resolved "https://registry.npmjs.org/@webassemblyjs/wasm-opt/-/wasm-opt-1.14.1.tgz"
  dependencies:
    "@webassemblyjs/ast" "1.14.1"
    "@webassemblyjs/helper-buffer" "1.14.1"
    "@webassemblyjs/wasm-gen" "1.14.1"
    "@webassemblyjs/wasm-parser" "1.14.1"

"@webassemblyjs/wasm-parser@1.14.1", "@webassemblyjs/wasm-parser@^1.14.1":
  version "1.14.1"
  resolved "https://registry.npmjs.org/@webassemblyjs/wasm-parser/-/wasm-parser-1.14.1.tgz"
  dependencies:
    "@webassemblyjs/ast" "1.14.1"
    "@webassemblyjs/helper-api-error" "1.13.2"
    "@webassemblyjs/helper-wasm-bytecode" "1.13.2"
    "@webassemblyjs/ieee754" "1.13.2"
    "@webassemblyjs/leb128" "1.13.2"
    "@webassemblyjs/utf8" "1.13.2"

"@webassemblyjs/wast-printer@1.14.1":
  version "1.14.1"
  resolved "https://registry.npmjs.org/@webassemblyjs/wast-printer/-/wast-printer-1.14.1.tgz"
  dependencies:
    "@webassemblyjs/ast" "1.14.1"
    "@xtuc/long" "4.2.2"

"@webpack-cli/configtest@^2.1.1":
  version "2.1.1"
  resolved "https://registry.npmjs.org/@webpack-cli/configtest/-/configtest-2.1.1.tgz"

"@webpack-cli/info@^2.0.2":
  version "2.0.2"
  resolved "https://registry.npmjs.org/@webpack-cli/info/-/info-2.0.2.tgz"

"@webpack-cli/serve@^2.0.5":
  version "2.0.5"
  resolved "https://registry.npmjs.org/@webpack-cli/serve/-/serve-2.0.5.tgz"

"@xtuc/ieee754@^1.2.0":
  version "1.2.0"
  resolved "https://registry.npmjs.org/@xtuc/ieee754/-/ieee754-1.2.0.tgz"

"@xtuc/long@4.2.2":
  version "4.2.2"
  resolved "https://registry.npmjs.org/@xtuc/long/-/long-4.2.2.tgz"

acorn-jsx@^5.3.2:
  version "5.3.2"
  resolved "https://registry.npmjs.org/acorn-jsx/-/acorn-jsx-5.3.2.tgz"

acorn@^8.14.0, acorn@^8.8.2:
  version "8.14.0"
  resolved "https://registry.npmjs.org/acorn/-/acorn-8.14.0.tgz"

ajv-formats@^2.1.1:
  version "2.1.1"
  resolved "https://registry.npmjs.org/ajv-formats/-/ajv-formats-2.1.1.tgz"
  dependencies:
    ajv "^8.0.0"

ajv-keywords@^3.5.2:
  version "3.5.2"
  resolved "https://registry.npmjs.org/ajv-keywords/-/ajv-keywords-3.5.2.tgz"

ajv-keywords@^5.1.0:
  version "5.1.0"
  resolved "https://registry.npmjs.org/ajv-keywords/-/ajv-keywords-5.1.0.tgz"
  dependencies:
    fast-deep-equal "^3.1.3"

ajv@^6.12.4, ajv@^6.12.5:
  version "6.12.6"
  resolved "https://registry.npmjs.org/ajv/-/ajv-6.12.6.tgz"
  dependencies:
    fast-deep-equal "^3.1.1"
    fast-json-stable-stringify "^2.0.0"
    json-schema-traverse "^0.4.1"
    uri-js "^4.2.2"

ajv@^8.0.0, ajv@^8.17.1, ajv@^8.9.0:
  version "8.17.1"
  resolved "https://registry.npmjs.org/ajv/-/ajv-8.17.1.tgz"
  dependencies:
    fast-deep-equal "^3.1.3"
    fast-uri "^3.0.1"
    json-schema-traverse "^1.0.0"
    require-from-string "^2.0.2"

ansi-styles@^4.1.0:
  version "4.3.0"
  resolved "https://registry.npmjs.org/ansi-styles/-/ansi-styles-4.3.0.tgz"
  dependencies:
    color-convert "^2.0.1"

argparse@^2.0.1:
  version "2.0.1"
  resolved "https://registry.npmjs.org/argparse/-/argparse-2.0.1.tgz"

author-regex@^1.0.0:
  version "1.0.0"
  resolved "https://registry.npmjs.org/author-regex/-/author-regex-1.0.0.tgz"

balanced-match@^1.0.0:
  version "1.0.2"
  resolved "https://registry.npmjs.org/balanced-match/-/balanced-match-1.0.2.tgz"

brace-expansion@^1.1.7:
  version "1.1.11"
  resolved "https://registry.npmjs.org/brace-expansion/-/brace-expansion-1.1.11.tgz"
  dependencies:
    balanced-match "^1.0.0"
    concat-map "0.0.1"

brace-expansion@^2.0.1:
  version "2.0.1"
  resolved "https://registry.npmjs.org/brace-expansion/-/brace-expansion-2.0.1.tgz"
  dependencies:
    balanced-match "^1.0.0"

browserslist@^4.24.0:
  version "4.24.4"
  resolved "https://registry.npmjs.org/browserslist/-/browserslist-4.24.4.tgz"
  dependencies:
    caniuse-lite "^1.0.30001688"
    electron-to-chromium "^1.5.73"
    node-releases "^2.0.19"
    update-browserslist-db "^1.1.1"

buffer-from@^1.0.0:
  version "1.1.2"
  resolved "https://registry.npmjs.org/buffer-from/-/buffer-from-1.1.2.tgz"

callsites@^3.0.0:
  version "3.1.0"
  resolved "https://registry.npmjs.org/callsites/-/callsites-3.1.0.tgz"

caniuse-lite@^1.0.30001688:
  version "1.0.30001695"
  resolved "https://registry.npmjs.org/caniuse-lite/-/caniuse-lite-1.0.30001695.tgz"

chalk@^4.0.0:
  version "4.1.2"
  resolved "https://registry.npmjs.org/chalk/-/chalk-4.1.2.tgz"
  dependencies:
    ansi-styles "^4.1.0"
    supports-color "^7.1.0"

chownr@^3.0.0:
  version "3.0.0"
  resolved "https://registry.npmjs.org/chownr/-/chownr-3.0.0.tgz"

chrome-trace-event@^1.0.2:
  version "1.0.3"
  resolved "https://registry.npmjs.org/chrome-trace-event/-/chrome-trace-event-1.0.3.tgz"

clone-deep@^4.0.1:
  version "4.0.1"
  resolved "https://registry.npmjs.org/clone-deep/-/clone-deep-4.0.1.tgz"
  dependencies:
    is-plain-object "^2.0.4"
    kind-of "^6.0.2"
    shallow-clone "^3.0.0"

color-convert@^2.0.1:
  version "2.0.1"
  resolved "https://registry.npmjs.org/color-convert/-/color-convert-2.0.1.tgz"
  dependencies:
    color-name "~1.1.4"

color-name@~1.1.4:
  version "1.1.4"
  resolved "https://registry.npmjs.org/color-name/-/color-name-1.1.4.tgz"

colord@^2.9.3:
  version "2.9.3"
  resolved "https://registry.npmjs.org/colord/-/colord-2.9.3.tgz"

colorette@^2.0.14:
  version "2.0.20"
  resolved "https://registry.npmjs.org/colorette/-/colorette-2.0.20.tgz"

commander@^10.0.1:
  version "10.0.1"
  resolved "https://registry.npmjs.org/commander/-/commander-10.0.1.tgz"

commander@^2.20.0:
  version "2.20.3"
  resolved "https://registry.npmjs.org/commander/-/commander-2.20.3.tgz"

concat-map@0.0.1:
  version "0.0.1"
  resolved "https://registry.npmjs.org/concat-map/-/concat-map-0.0.1.tgz"

cross-spawn@^7.0.3, cross-spawn@^7.0.6:
  version "7.0.6"
  resolved "https://registry.npmjs.org/cross-spawn/-/cross-spawn-7.0.6.tgz"
  dependencies:
    path-key "^3.1.0"
    shebang-command "^2.0.0"
    which "^2.0.1"

data-uri-to-buffer@^4.0.0:
  version "4.0.1"
  resolved "https://registry.npmjs.org/data-uri-to-buffer/-/data-uri-to-buffer-4.0.1.tgz"

debug@^4.3.1, debug@^4.3.2:
  version "4.3.4"
  resolved "https://registry.npmjs.org/debug/-/debug-4.3.4.tgz"
  dependencies:
    ms "2.1.2"

deep-is@^0.1.3:
  version "0.1.4"
  resolved "https://registry.npmjs.org/deep-is/-/deep-is-0.1.4.tgz"

ejson@^2.2.3:
  version "2.2.3"
  resolved "https://registry.npmjs.org/ejson/-/ejson-2.2.3.tgz"

electron-to-chromium@^1.5.73:
  version "1.5.84"
  resolved "https://registry.npmjs.org/electron-to-chromium/-/electron-to-chromium-1.5.84.tgz"

enhanced-resolve@^5.17.1:
  version "5.18.0"
  resolved "https://registry.npmjs.org/enhanced-resolve/-/enhanced-resolve-5.18.0.tgz"
  dependencies:
    graceful-fs "^4.2.4"
    tapable "^2.2.0"

envinfo@^7.7.3:
  version "7.11.0"
  resolved "https://registry.npmjs.org/envinfo/-/envinfo-7.11.0.tgz"

es-module-lexer@^1.2.1:
  version "1.4.1"
  resolved "https://registry.npmjs.org/es-module-lexer/-/es-module-lexer-1.4.1.tgz"

escalade@^3.2.0:
  version "3.2.0"
  resolved "https://registry.npmjs.org/escalade/-/escalade-3.2.0.tgz"

escape-string-regexp@^4.0.0:
  version "4.0.0"
  resolved "https://registry.npmjs.org/escape-string-regexp/-/escape-string-regexp-4.0.0.tgz"

eslint-compat-utils@^0.5.1:
  version "0.5.1"
  resolved "https://registry.npmjs.org/eslint-compat-utils/-/eslint-compat-utils-0.5.1.tgz"
  dependencies:
    semver "^7.5.4"

eslint-config-prettier@^9.1.0:
  version "9.1.0"
  resolved "https://registry.npmjs.org/eslint-config-prettier/-/eslint-config-prettier-9.1.0.tgz"

eslint-plugin-es-x@^7.8.0:
  version "7.8.0"
  resolved "https://registry.npmjs.org/eslint-plugin-es-x/-/eslint-plugin-es-x-7.8.0.tgz"
  dependencies:
    "@eslint-community/eslint-utils" "^4.1.2"
    "@eslint-community/regexpp" "^4.11.0"
    eslint-compat-utils "^0.5.1"

eslint-plugin-n@^17.15.0:
  version "17.15.1"
  resolved "https://registry.npmjs.org/eslint-plugin-n/-/eslint-plugin-n-17.15.1.tgz"
  dependencies:
    "@eslint-community/eslint-utils" "^4.4.1"
    enhanced-resolve "^5.17.1"
    eslint-plugin-es-x "^7.8.0"
    get-tsconfig "^4.8.1"
    globals "^15.11.0"
    ignore "^5.3.2"
    minimatch "^9.0.5"
    semver "^7.6.3"

eslint-plugin-prettier@^5.2.1:
  version "5.2.3"
  resolved "https://registry.npmjs.org/eslint-plugin-prettier/-/eslint-plugin-prettier-5.2.3.tgz"
  dependencies:
    prettier-linter-helpers "^1.0.0"
    synckit "^0.9.1"

eslint-scope@5.1.1:
  version "5.1.1"
  resolved "https://registry.npmjs.org/eslint-scope/-/eslint-scope-5.1.1.tgz"
  dependencies:
    esrecurse "^4.3.0"
    estraverse "^4.1.1"

eslint-scope@^8.2.0:
  version "8.2.0"
  resolved "https://registry.npmjs.org/eslint-scope/-/eslint-scope-8.2.0.tgz"
  dependencies:
    esrecurse "^4.3.0"
    estraverse "^5.2.0"

eslint-visitor-keys@^3.4.3:
  version "3.4.3"
  resolved "https://registry.npmjs.org/eslint-visitor-keys/-/eslint-visitor-keys-3.4.3.tgz"

eslint-visitor-keys@^4.2.0:
  version "4.2.0"
  resolved "https://registry.npmjs.org/eslint-visitor-keys/-/eslint-visitor-keys-4.2.0.tgz"

eslint@^9.18.0:
  version "9.18.0"
  resolved "https://registry.npmjs.org/eslint/-/eslint-9.18.0.tgz"
  dependencies:
    "@eslint-community/eslint-utils" "^4.2.0"
    "@eslint-community/regexpp" "^4.12.1"
    "@eslint/config-array" "^0.19.0"
    "@eslint/core" "^0.10.0"
    "@eslint/eslintrc" "^3.2.0"
    "@eslint/js" "9.18.0"
    "@eslint/plugin-kit" "^0.2.5"
    "@humanfs/node" "^0.16.6"
    "@humanwhocodes/module-importer" "^1.0.1"
    "@humanwhocodes/retry" "^0.4.1"
    "@types/estree" "^1.0.6"
    "@types/json-schema" "^7.0.15"
    ajv "^6.12.4"
    chalk "^4.0.0"
    cross-spawn "^7.0.6"
    debug "^4.3.2"
    escape-string-regexp "^4.0.0"
    eslint-scope "^8.2.0"
    eslint-visitor-keys "^4.2.0"
    espree "^10.3.0"
    esquery "^1.5.0"
    esutils "^2.0.2"
    fast-deep-equal "^3.1.3"
    file-entry-cache "^8.0.0"
    find-up "^5.0.0"
    glob-parent "^6.0.2"
    ignore "^5.2.0"
    imurmurhash "^0.1.4"
    is-glob "^4.0.0"
    json-stable-stringify-without-jsonify "^1.0.1"
    lodash.merge "^4.6.2"
    minimatch "^3.1.2"
    natural-compare "^1.4.0"
    optionator "^0.9.3"

espree@^10.0.1, espree@^10.3.0:
  version "10.3.0"
  resolved "https://registry.npmjs.org/espree/-/espree-10.3.0.tgz"
  dependencies:
    acorn "^8.14.0"
    acorn-jsx "^5.3.2"
    eslint-visitor-keys "^4.2.0"

esquery@^1.5.0:
  version "1.5.0"
  resolved "https://registry.npmjs.org/esquery/-/esquery-1.5.0.tgz"
  dependencies:
    estraverse "^5.1.0"

esrecurse@^4.3.0:
  version "4.3.0"
  resolved "https://registry.npmjs.org/esrecurse/-/esrecurse-4.3.0.tgz"
  dependencies:
    estraverse "^5.2.0"

estraverse@^4.1.1:
  version "4.3.0"
  resolved "https://registry.npmjs.org/estraverse/-/estraverse-4.3.0.tgz"

estraverse@^5.1.0, estraverse@^5.2.0:
  version "5.3.0"
  resolved "https://registry.npmjs.org/estraverse/-/estraverse-5.3.0.tgz"

esutils@^2.0.2:
  version "2.0.3"
  resolved "https://registry.npmjs.org/esutils/-/esutils-2.0.3.tgz"

eventemitter3@^4.0.4:
  version "4.0.7"
  resolved "https://registry.npmjs.org/eventemitter3/-/eventemitter3-4.0.7.tgz"

eventemitter3@^5.0.1:
  version "5.0.1"
  resolved "https://registry.npmjs.org/eventemitter3/-/eventemitter3-5.0.1.tgz"

events@^3.2.0:
  version "3.3.0"
  resolved "https://registry.npmjs.org/events/-/events-3.3.0.tgz"

fast-deep-equal@^3.1.1, fast-deep-equal@^3.1.3:
  version "3.1.3"
  resolved "https://registry.npmjs.org/fast-deep-equal/-/fast-deep-equal-3.1.3.tgz"

fast-diff@^1.1.2:
  version "1.3.0"
  resolved "https://registry.npmjs.org/fast-diff/-/fast-diff-1.3.0.tgz"

fast-json-stable-stringify@^2.0.0:
  version "2.1.0"
  resolved "https://registry.npmjs.org/fast-json-stable-stringify/-/fast-json-stable-stringify-2.1.0.tgz"

fast-levenshtein@^2.0.6:
  version "2.0.6"
  resolved "https://registry.npmjs.org/fast-levenshtein/-/fast-levenshtein-2.0.6.tgz"

fast-uri@^3.0.1:
  version "3.0.6"
  resolved "https://registry.npmjs.org/fast-uri/-/fast-uri-3.0.6.tgz"

fastest-levenshtein@^1.0.12:
  version "1.0.16"
  resolved "https://registry.npmjs.org/fastest-levenshtein/-/fastest-levenshtein-1.0.16.tgz"

fetch-blob@^3.1.2, fetch-blob@^3.1.4:
  version "3.2.0"
  resolved "https://registry.npmjs.org/fetch-blob/-/fetch-blob-3.2.0.tgz"
  dependencies:
    node-domexception "^1.0.0"
    web-streams-polyfill "^3.0.3"

file-entry-cache@^8.0.0:
  version "8.0.0"
  resolved "https://registry.npmjs.org/file-entry-cache/-/file-entry-cache-8.0.0.tgz"
  dependencies:
    flat-cache "^4.0.0"

find-up@^4.0.0:
  version "4.1.0"
  resolved "https://registry.npmjs.org/find-up/-/find-up-4.1.0.tgz"
  dependencies:
    locate-path "^5.0.0"
    path-exists "^4.0.0"

find-up@^5.0.0:
  version "5.0.0"
  resolved "https://registry.npmjs.org/find-up/-/find-up-5.0.0.tgz"
  dependencies:
    locate-path "^6.0.0"
    path-exists "^4.0.0"

find-up@^7.0.0:
  version "7.0.0"
  resolved "https://registry.npmjs.org/find-up/-/find-up-7.0.0.tgz"
  dependencies:
    locate-path "^7.2.0"
    path-exists "^5.0.0"
    unicorn-magic "^0.1.0"

flat-cache@^4.0.0:
  version "4.0.1"
  resolved "https://registry.npmjs.org/flat-cache/-/flat-cache-4.0.1.tgz"
  dependencies:
    flatted "^3.2.9"
    keyv "^4.5.4"

flat@^5.0.2:
  version "5.0.2"
  resolved "https://registry.npmjs.org/flat/-/flat-5.0.2.tgz"

flatted@^3.2.9:
  version "3.3.2"
  resolved "https://registry.npmjs.org/flatted/-/flatted-3.3.2.tgz"

formdata-polyfill@^4.0.10:
  version "4.0.10"
  resolved "https://registry.npmjs.org/formdata-polyfill/-/formdata-polyfill-4.0.10.tgz"
  dependencies:
    fetch-blob "^3.1.2"

function-bind@^1.1.2:
  version "1.1.2"
  resolved "https://registry.npmjs.org/function-bind/-/function-bind-1.1.2.tgz"

get-tsconfig@^4.8.1:
  version "4.10.0"
  resolved "https://registry.npmjs.org/get-tsconfig/-/get-tsconfig-4.10.0.tgz"
  dependencies:
    resolve-pkg-maps "^1.0.0"

glob-parent@^6.0.2:
  version "6.0.2"
  resolved "https://registry.npmjs.org/glob-parent/-/glob-parent-6.0.2.tgz"
  dependencies:
    is-glob "^4.0.3"

glob-to-regexp@^0.4.1:
  version "0.4.1"
  resolved "https://registry.npmjs.org/glob-to-regexp/-/glob-to-regexp-0.4.1.tgz"

globals@^14.0.0:
  version "14.0.0"
  resolved "https://registry.npmjs.org/globals/-/globals-14.0.0.tgz"

globals@^15.11.0:
  version "15.14.0"
  resolved "https://registry.npmjs.org/globals/-/globals-15.14.0.tgz"

graceful-fs@^4.1.2, graceful-fs@^4.2.11, graceful-fs@^4.2.4:
  version "4.2.11"
  resolved "https://registry.npmjs.org/graceful-fs/-/graceful-fs-4.2.11.tgz"

has-flag@^4.0.0:
  version "4.0.0"
  resolved "https://registry.npmjs.org/has-flag/-/has-flag-4.0.0.tgz"

hasown@^2.0.0:
  version "2.0.0"
  resolved "https://registry.npmjs.org/hasown/-/hasown-2.0.0.tgz"
  dependencies:
    function-bind "^1.1.2"

ignore@^5.2.0, ignore@^5.3.2:
  version "5.3.2"
  resolved "https://registry.npmjs.org/ignore/-/ignore-5.3.2.tgz"

import-fresh@^3.2.1:
  version "3.3.0"
  resolved "https://registry.npmjs.org/import-fresh/-/import-fresh-3.3.0.tgz"
  dependencies:
    parent-module "^1.0.0"
    resolve-from "^4.0.0"

import-local@^3.0.2:
  version "3.1.0"
  resolved "https://registry.npmjs.org/import-local/-/import-local-3.1.0.tgz"
  dependencies:
    pkg-dir "^4.2.0"
    resolve-cwd "^3.0.0"

imurmurhash@^0.1.4:
  version "0.1.4"
  resolved "https://registry.npmjs.org/imurmurhash/-/imurmurhash-0.1.4.tgz"

interpret@^3.1.1:
  version "3.1.1"
  resolved "https://registry.npmjs.org/interpret/-/interpret-3.1.1.tgz"

is-core-module@^2.13.0:
  version "2.13.1"
  resolved "https://registry.npmjs.org/is-core-module/-/is-core-module-2.13.1.tgz"
  dependencies:
    hasown "^2.0.0"

is-extglob@^2.1.1:
  version "2.1.1"
  resolved "https://registry.npmjs.org/is-extglob/-/is-extglob-2.1.1.tgz"

is-glob@^4.0.0, is-glob@^4.0.3:
  version "4.0.3"
  resolved "https://registry.npmjs.org/is-glob/-/is-glob-4.0.3.tgz"
  dependencies:
    is-extglob "^2.1.1"

is-plain-object@^2.0.4:
  version "2.0.4"
  resolved "https://registry.npmjs.org/is-plain-object/-/is-plain-object-2.0.4.tgz"
  dependencies:
    isobject "^3.0.1"

isexe@^2.0.0:
  version "2.0.0"
  resolved "https://registry.npmjs.org/isexe/-/isexe-2.0.0.tgz"

isobject@^3.0.1:
  version "3.0.1"
  resolved "https://registry.npmjs.org/isobject/-/isobject-3.0.1.tgz"

jest-worker@^27.4.5:
  version "27.5.1"
  resolved "https://registry.npmjs.org/jest-worker/-/jest-worker-27.5.1.tgz"
  dependencies:
    "@types/node" "*"
    merge-stream "^2.0.0"
    supports-color "^8.0.0"

js-yaml@^4.1.0:
  version "4.1.1"
  resolved "https://registry.yarnpkg.com/js-yaml/-/js-yaml-4.1.1.tgz#854c292467705b699476e1a2decc0c8a3458806b"
  dependencies:
    argparse "^2.0.1"

json-buffer@3.0.1:
  version "3.0.1"
  resolved "https://registry.npmjs.org/json-buffer/-/json-buffer-3.0.1.tgz"

json-parse-even-better-errors@^2.3.1:
  version "2.3.1"
  resolved "https://registry.npmjs.org/json-parse-even-better-errors/-/json-parse-even-better-errors-2.3.1.tgz"

json-schema-traverse@^0.4.1:
  version "0.4.1"
  resolved "https://registry.npmjs.org/json-schema-traverse/-/json-schema-traverse-0.4.1.tgz"

json-schema-traverse@^1.0.0:
  version "1.0.0"
  resolved "https://registry.npmjs.org/json-schema-traverse/-/json-schema-traverse-1.0.0.tgz"

json-stable-stringify-without-jsonify@^1.0.1:
  version "1.0.1"
  resolved "https://registry.npmjs.org/json-stable-stringify-without-jsonify/-/json-stable-stringify-without-jsonify-1.0.1.tgz"

keyv@^4.5.4:
  version "4.5.4"
  resolved "https://registry.npmjs.org/keyv/-/keyv-4.5.4.tgz"
  dependencies:
    json-buffer "3.0.1"

kind-of@^6.0.2:
  version "6.0.3"
  resolved "https://registry.npmjs.org/kind-of/-/kind-of-6.0.3.tgz"

levn@^0.4.1:
  version "0.4.1"
  resolved "https://registry.npmjs.org/levn/-/levn-0.4.1.tgz"
  dependencies:
    prelude-ls "^1.2.1"
    type-check "~0.4.0"

loader-runner@^4.2.0:
  version "4.3.0"
  resolved "https://registry.npmjs.org/loader-runner/-/loader-runner-4.3.0.tgz"

locate-path@^5.0.0:
  version "5.0.0"
  resolved "https://registry.npmjs.org/locate-path/-/locate-path-5.0.0.tgz"
  dependencies:
    p-locate "^4.1.0"

locate-path@^6.0.0:
  version "6.0.0"
  resolved "https://registry.npmjs.org/locate-path/-/locate-path-6.0.0.tgz"
  dependencies:
    p-locate "^5.0.0"

locate-path@^7.2.0:
  version "7.2.0"
  resolved "https://registry.npmjs.org/locate-path/-/locate-path-7.2.0.tgz"
  dependencies:
    p-locate "^6.0.0"

lodash.merge@^4.6.2:
  version "4.6.2"
  resolved "https://registry.npmjs.org/lodash.merge/-/lodash.merge-4.6.2.tgz"

merge-stream@^2.0.0:
  version "2.0.0"
  resolved "https://registry.npmjs.org/merge-stream/-/merge-stream-2.0.0.tgz"

mime-db@1.52.0:
  version "1.52.0"
  resolved "https://registry.npmjs.org/mime-db/-/mime-db-1.52.0.tgz"

mime-types@^2.1.27:
  version "2.1.35"
  resolved "https://registry.npmjs.org/mime-types/-/mime-types-2.1.35.tgz"
  dependencies:
    mime-db "1.52.0"

mimic-fn@^3.1.0:
  version "3.1.0"
  resolved "https://registry.npmjs.org/mimic-fn/-/mimic-fn-3.1.0.tgz"

minimatch@^3.1.2:
  version "3.1.2"
  resolved "https://registry.npmjs.org/minimatch/-/minimatch-3.1.2.tgz"
  dependencies:
    brace-expansion "^1.1.7"

minimatch@^9.0.5:
  version "9.0.5"
  resolved "https://registry.npmjs.org/minimatch/-/minimatch-9.0.5.tgz"
  dependencies:
    brace-expansion "^2.0.1"

minipass@^7.0.4, minipass@^7.1.2:
  version "7.1.2"
  resolved "https://registry.npmjs.org/minipass/-/minipass-7.1.2.tgz"

minizlib@^3.1.0:
  version "3.1.0"
  resolved "https://registry.yarnpkg.com/minizlib/-/minizlib-3.1.0.tgz#6ad76c3a8f10227c9b51d1c9ac8e30b27f5a251c"
  dependencies:
    minipass "^7.1.2"

ms@2.1.2:
  version "2.1.2"
  resolved "https://registry.npmjs.org/ms/-/ms-2.1.2.tgz"

nanoid@^3.3.8:
  version "3.3.8"
  resolved "https://registry.npmjs.org/nanoid/-/nanoid-3.3.8.tgz"

natural-compare@^1.4.0:
  version "1.4.0"
  resolved "https://registry.npmjs.org/natural-compare/-/natural-compare-1.4.0.tgz"

neo-async@^2.6.2:
  version "2.6.2"
  resolved "https://registry.npmjs.org/neo-async/-/neo-async-2.6.2.tgz"

node-domexception@^1.0.0:
  version "1.0.0"
  resolved "https://registry.npmjs.org/node-domexception/-/node-domexception-1.0.0.tgz"

node-fetch@^3.3.2:
  version "3.3.2"
  resolved "https://registry.npmjs.org/node-fetch/-/node-fetch-3.3.2.tgz"
  dependencies:
    data-uri-to-buffer "^4.0.0"
    fetch-blob "^3.1.4"
    formdata-polyfill "^4.0.10"

node-releases@^2.0.19:
  version "2.0.19"
  resolved "https://registry.npmjs.org/node-releases/-/node-releases-2.0.19.tgz"

optionator@^0.9.3:
  version "0.9.3"
  resolved "https://registry.npmjs.org/optionator/-/optionator-0.9.3.tgz"
  dependencies:
    "@aashutoshrathi/word-wrap" "^1.2.3"
    deep-is "^0.1.3"
    fast-levenshtein "^2.0.6"
    levn "^0.4.1"
    prelude-ls "^1.2.1"
    type-check "^0.4.0"

p-finally@^1.0.0:
  version "1.0.0"
  resolved "https://registry.npmjs.org/p-finally/-/p-finally-1.0.0.tgz"

p-limit@^2.2.0:
  version "2.3.0"
  resolved "https://registry.npmjs.org/p-limit/-/p-limit-2.3.0.tgz"
  dependencies:
    p-try "^2.0.0"

p-limit@^3.0.2:
  version "3.1.0"
  resolved "https://registry.npmjs.org/p-limit/-/p-limit-3.1.0.tgz"
  dependencies:
    yocto-queue "^0.1.0"

p-limit@^4.0.0:
  version "4.0.0"
  resolved "https://registry.npmjs.org/p-limit/-/p-limit-4.0.0.tgz"
  dependencies:
    yocto-queue "^1.0.0"

p-locate@^4.1.0:
  version "4.1.0"
  resolved "https://registry.npmjs.org/p-locate/-/p-locate-4.1.0.tgz"
  dependencies:
    p-limit "^2.2.0"

p-locate@^5.0.0:
  version "5.0.0"
  resolved "https://registry.npmjs.org/p-locate/-/p-locate-5.0.0.tgz"
  dependencies:
    p-limit "^3.0.2"

p-locate@^6.0.0:
  version "6.0.0"
  resolved "https://registry.npmjs.org/p-locate/-/p-locate-6.0.0.tgz"
  dependencies:
    p-limit "^4.0.0"

p-queue@^6.6.2:
  version "6.6.2"
  resolved "https://registry.npmjs.org/p-queue/-/p-queue-6.6.2.tgz"
  dependencies:
    eventemitter3 "^4.0.4"
    p-timeout "^3.2.0"

p-timeout@^3.2.0:
  version "3.2.0"
  resolved "https://registry.npmjs.org/p-timeout/-/p-timeout-3.2.0.tgz"
  dependencies:
    p-finally "^1.0.0"

p-timeout@^4.1.0:
  version "4.1.0"
  resolved "https://registry.npmjs.org/p-timeout/-/p-timeout-4.1.0.tgz"

p-try@^2.0.0:
  version "2.2.0"
  resolved "https://registry.npmjs.org/p-try/-/p-try-2.2.0.tgz"

parent-module@^1.0.0:
  version "1.0.1"
  resolved "https://registry.npmjs.org/parent-module/-/parent-module-1.0.1.tgz"
  dependencies:
    callsites "^3.0.0"

parse-author@^2.0.0:
  version "2.0.0"
  resolved "https://registry.npmjs.org/parse-author/-/parse-author-2.0.0.tgz"
  dependencies:
    author-regex "^1.0.0"

path-exists@^4.0.0:
  version "4.0.0"
  resolved "https://registry.npmjs.org/path-exists/-/path-exists-4.0.0.tgz"

path-exists@^5.0.0:
  version "5.0.0"
  resolved "https://registry.npmjs.org/path-exists/-/path-exists-5.0.0.tgz"

path-key@^3.1.0:
  version "3.1.1"
  resolved "https://registry.npmjs.org/path-key/-/path-key-3.1.1.tgz"

path-parse@^1.0.7:
  version "1.0.7"
  resolved "https://registry.npmjs.org/path-parse/-/path-parse-1.0.7.tgz"

picocolors@^1.1.1:
  version "1.1.1"
  resolved "https://registry.npmjs.org/picocolors/-/picocolors-1.1.1.tgz"

pkg-dir@^4.2.0:
  version "4.2.0"
  resolved "https://registry.npmjs.org/pkg-dir/-/pkg-dir-4.2.0.tgz"
  dependencies:
    find-up "^4.0.0"

prelude-ls@^1.2.1:
  version "1.2.1"
  resolved "https://registry.npmjs.org/prelude-ls/-/prelude-ls-1.2.1.tgz"

prettier-linter-helpers@^1.0.0:
  version "1.0.0"
  resolved "https://registry.npmjs.org/prettier-linter-helpers/-/prettier-linter-helpers-1.0.0.tgz"
  dependencies:
    fast-diff "^1.1.2"

punycode@^2.1.0:
  version "2.3.1"
  resolved "https://registry.npmjs.org/punycode/-/punycode-2.3.1.tgz"

randombytes@^2.1.0:
  version "2.1.0"
  resolved "https://registry.npmjs.org/randombytes/-/randombytes-2.1.0.tgz"
  dependencies:
    safe-buffer "^5.1.0"

rechoir@^0.8.0:
  version "0.8.0"
  resolved "https://registry.npmjs.org/rechoir/-/rechoir-0.8.0.tgz"
  dependencies:
    resolve "^1.20.0"

require-from-string@^2.0.2:
  version "2.0.2"
  resolved "https://registry.npmjs.org/require-from-string/-/require-from-string-2.0.2.tgz"

resolve-cwd@^3.0.0:
  version "3.0.0"
  resolved "https://registry.npmjs.org/resolve-cwd/-/resolve-cwd-3.0.0.tgz"
  dependencies:
    resolve-from "^5.0.0"

resolve-from@^4.0.0:
  version "4.0.0"
  resolved "https://registry.npmjs.org/resolve-from/-/resolve-from-4.0.0.tgz"

resolve-from@^5.0.0:
  version "5.0.0"
  resolved "https://registry.npmjs.org/resolve-from/-/resolve-from-5.0.0.tgz"

resolve-pkg-maps@^1.0.0:
  version "1.0.0"
  resolved "https://registry.npmjs.org/resolve-pkg-maps/-/resolve-pkg-maps-1.0.0.tgz"

resolve@^1.20.0:
  version "1.22.8"
  resolved "https://registry.npmjs.org/resolve/-/resolve-1.22.8.tgz"
  dependencies:
    is-core-module "^2.13.0"
    path-parse "^1.0.7"
    supports-preserve-symlinks-flag "^1.0.0"

safe-buffer@^5.1.0:
  version "5.2.1"
  resolved "https://registry.npmjs.org/safe-buffer/-/safe-buffer-5.2.1.tgz"

schema-utils@^3.2.0:
  version "3.3.0"
  resolved "https://registry.npmjs.org/schema-utils/-/schema-utils-3.3.0.tgz"
  dependencies:
    "@types/json-schema" "^7.0.8"
    ajv "^6.12.5"
    ajv-keywords "^3.5.2"

schema-utils@^4.3.0:
  version "4.3.0"
  resolved "https://registry.npmjs.org/schema-utils/-/schema-utils-4.3.0.tgz"
  dependencies:
    "@types/json-schema" "^7.0.9"
    ajv "^8.9.0"
    ajv-formats "^2.1.1"
    ajv-keywords "^5.1.0"

semver@^7.5.4, semver@^7.6.3:
  version "7.6.3"
  resolved "https://registry.npmjs.org/semver/-/semver-7.6.3.tgz"

serialize-javascript@^6.0.2:
  version "6.0.2"
  resolved "https://registry.npmjs.org/serialize-javascript/-/serialize-javascript-6.0.2.tgz"
  dependencies:
    randombytes "^2.1.0"

shallow-clone@^3.0.0:
  version "3.0.1"
  resolved "https://registry.npmjs.org/shallow-clone/-/shallow-clone-3.0.1.tgz"
  dependencies:
    kind-of "^6.0.2"

shebang-command@^2.0.0:
  version "2.0.0"
  resolved "https://registry.npmjs.org/shebang-command/-/shebang-command-2.0.0.tgz"
  dependencies:
    shebang-regex "^3.0.0"

shebang-regex@^3.0.0:
  version "3.0.0"
  resolved "https://registry.npmjs.org/shebang-regex/-/shebang-regex-3.0.0.tgz"

source-map-support@~0.5.20:
  version "0.5.21"
  resolved "https://registry.npmjs.org/source-map-support/-/source-map-support-0.5.21.tgz"
  dependencies:
    buffer-from "^1.0.0"
    source-map "^0.6.0"

source-map@^0.6.0:
  version "0.6.1"
  resolved "https://registry.npmjs.org/source-map/-/source-map-0.6.1.tgz"

strip-json-comments@^3.1.1:
  version "3.1.1"
  resolved "https://registry.npmjs.org/strip-json-comments/-/strip-json-comments-3.1.1.tgz"

supports-color@^7.1.0:
  version "7.2.0"
  resolved "https://registry.npmjs.org/supports-color/-/supports-color-7.2.0.tgz"
  dependencies:
    has-flag "^4.0.0"

supports-color@^8.0.0:
  version "8.1.1"
  resolved "https://registry.npmjs.org/supports-color/-/supports-color-8.1.1.tgz"
  dependencies:
    has-flag "^4.0.0"

supports-preserve-symlinks-flag@^1.0.0:
  version "1.0.0"
  resolved "https://registry.npmjs.org/supports-preserve-symlinks-flag/-/supports-preserve-symlinks-flag-1.0.0.tgz"

synckit@^0.9.1:
  version "0.9.2"
  resolved "https://registry.npmjs.org/synckit/-/synckit-0.9.2.tgz"
  dependencies:
    "@pkgr/core" "^0.1.0"
    tslib "^2.6.2"

tapable@^2.1.1, tapable@^2.2.0:
  version "2.2.1"
  resolved "https://registry.npmjs.org/tapable/-/tapable-2.2.1.tgz"

tar@^7.4.3:
  version "7.5.6"
  resolved "https://registry.yarnpkg.com/tar/-/tar-7.5.6.tgz#2db7a210748a82f0a89cc31527b90d3a24984fb7"
  dependencies:
    "@isaacs/fs-minipass" "^4.0.0"
    chownr "^3.0.0"
    minipass "^7.1.2"
    minizlib "^3.1.0"
    yallist "^5.0.0"

terser-webpack-plugin@^5.3.10:
  version "5.3.11"
  resolved "https://registry.npmjs.org/terser-webpack-plugin/-/terser-webpack-plugin-5.3.11.tgz"
  dependencies:
    "@jridgewell/trace-mapping" "^0.3.25"
    jest-worker "^27.4.5"
    schema-utils "^4.3.0"
    serialize-javascript "^6.0.2"
    terser "^5.31.1"

terser@^5.31.1:
  version "5.37.0"
  resolved "https://registry.npmjs.org/terser/-/terser-5.37.0.tgz"
  dependencies:
    "@jridgewell/source-map" "^0.3.3"
    acorn "^8.8.2"
    commander "^2.20.0"
    source-map-support "~0.5.20"

tslib@^2.6.2, tslib@^2.8.1:
  version "2.8.1"
  resolved "https://registry.npmjs.org/tslib/-/tslib-2.8.1.tgz"

type-check@^0.4.0, type-check@~0.4.0:
  version "0.4.0"
  resolved "https://registry.npmjs.org/type-check/-/type-check-0.4.0.tgz"
  dependencies:
    prelude-ls "^1.2.1"

typescript@^5.3.2:
  version "5.3.2"
  resolved "https://registry.npmjs.org/typescript/-/typescript-5.3.2.tgz"

undici-types@~6.20.0:
  version "6.20.0"
  resolved "https://registry.npmjs.org/undici-types/-/undici-types-6.20.0.tgz"

unicorn-magic@^0.1.0:
  version "0.1.0"
  resolved "https://registry.npmjs.org/unicorn-magic/-/unicorn-magic-0.1.0.tgz"

update-browserslist-db@^1.1.1:
  version "1.1.2"
  resolved "https://registry.npmjs.org/update-browserslist-db/-/update-browserslist-db-1.1.2.tgz"
  dependencies:
    escalade "^3.2.0"
    picocolors "^1.1.1"

uri-js@^4.2.2:
  version "4.4.1"
  resolved "https://registry.npmjs.org/uri-js/-/uri-js-4.4.1.tgz"
  dependencies:
    punycode "^2.1.0"

watchpack@^2.4.1:
  version "2.4.2"
  resolved "https://registry.npmjs.org/watchpack/-/watchpack-2.4.2.tgz"
  dependencies:
    glob-to-regexp "^0.4.1"
    graceful-fs "^4.1.2"

web-streams-polyfill@^3.0.3:
  version "3.3.3"
  resolved "https://registry.npmjs.org/web-streams-polyfill/-/web-streams-polyfill-3.3.3.tgz"

webpack-cli@^5.1.4:
  version "5.1.4"
  resolved "https://registry.npmjs.org/webpack-cli/-/webpack-cli-5.1.4.tgz"
  dependencies:
    "@discoveryjs/json-ext" "^0.5.0"
    "@webpack-cli/configtest" "^2.1.1"
    "@webpack-cli/info" "^2.0.2"
    "@webpack-cli/serve" "^2.0.5"
    colorette "^2.0.14"
    commander "^10.0.1"
    cross-spawn "^7.0.3"
    envinfo "^7.7.3"
    fastest-levenshtein "^1.0.12"
    import-local "^3.0.2"
    interpret "^3.1.1"
    rechoir "^0.8.0"
    webpack-merge "^5.7.3"

webpack-merge@^5.7.3:
  version "5.10.0"
  resolved "https://registry.npmjs.org/webpack-merge/-/webpack-merge-5.10.0.tgz"
  dependencies:
    clone-deep "^4.0.1"
    flat "^5.0.2"
    wildcard "^2.0.0"

webpack-sources@^3.2.3:
  version "3.2.3"
  resolved "https://registry.npmjs.org/webpack-sources/-/webpack-sources-3.2.3.tgz"

webpack@^5.97.1:
  version "5.97.1"
  resolved "https://registry.npmjs.org/webpack/-/webpack-5.97.1.tgz"
  dependencies:
    "@types/eslint-scope" "^3.7.7"
    "@types/estree" "^1.0.6"
    "@webassemblyjs/ast" "^1.14.1"
    "@webassemblyjs/wasm-edit" "^1.14.1"
    "@webassemblyjs/wasm-parser" "^1.14.1"
    acorn "^8.14.0"
    browserslist "^4.24.0"
    chrome-trace-event "^1.0.2"
    enhanced-resolve "^5.17.1"
    es-module-lexer "^1.2.1"
    eslint-scope "5.1.1"
    events "^3.2.0"
    glob-to-regexp "^0.4.1"
    graceful-fs "^4.2.11"
    json-parse-even-better-errors "^2.3.1"
    loader-runner "^4.2.0"
    mime-types "^2.1.27"
    neo-async "^2.6.2"
    schema-utils "^3.2.0"
    tapable "^2.1.1"
    terser-webpack-plugin "^5.3.10"
    watchpack "^2.4.1"
    webpack-sources "^3.2.3"

which@^2.0.1:
  version "2.0.2"
  resolved "https://registry.npmjs.org/which/-/which-2.0.2.tgz"
  dependencies:
    isexe "^2.0.0"

wildcard@^2.0.0:
  version "2.0.1"
  resolved "https://registry.npmjs.org/wildcard/-/wildcard-2.0.1.tgz"

yallist@^5.0.0:
  version "5.0.0"
  resolved "https://registry.npmjs.org/yallist/-/yallist-5.0.0.tgz"

yocto-queue@^0.1.0:
  version "0.1.0"
  resolved "https://registry.npmjs.org/yocto-queue/-/yocto-queue-0.1.0.tgz"

yocto-queue@^1.0.0:
  version "1.1.1"
  resolved "https://registry.npmjs.org/yocto-queue/-/yocto-queue-1.1.1.tgz"

zx@^8.2.4:
  version "8.8.5"
  resolved "https://registry.yarnpkg.com/zx/-/zx-8.8.5.tgz#d092d8c0017aa7c5a276fda88ff19e4b1d91cc64"
